# This file is autogenerated, do not edit; changes may be undone by the next 'dep ensure'.


[[projects]]
  digest = "1:ee5c1cf480b412a3211800d975e624b5eb23c9bec5b4b303a3ab8434f881b706"
  name = "github.com/google/gopacket"
  packages = [
    ".",
    "layers",
    "pcap",
  ]
  pruneopts = "UT"
  revision = "7f3fc6cbbb499248dca53da7fe3ed6c25a78d22f"
  version = "v1.1.16"

[[projects]]
  digest = "1:a2cff208d4759f6ba1b1cd228587b0a1869f95f22542ec9cd17fff64430113c7"
  name = "github.com/jessevdk/go-flags"
  packages = ["."]
  pruneopts = "UT"
  revision = "c6ca198ec95c841fdb89fc0de7496fed11ab854e"
  version = "v1.4.0"

[solve-meta]
  analyzer-name = "dep"
  analyzer-version = 1
  input-imports = [
    "github.com/google/gopacket",
    "github.com/google/gopacket/layers",
    "github.com/google/gopacket/pcap",
    "github.com/jessevdk/go-flags",
  ]
  solver-name = "gps-cdcl"
  solver-version = 1
